{
  "name": "onvo-test",
  "version": "1.0.0",
  "lockfileVersion": 3,
  "requires": true,
  "packages": {
    "": {
      "name": "onvo-test",
      "version": "1.0.0",
      "license": "ISC"
    },
    "..": {
      "name": "@onvo-ai/node",
      "version": "0.9.2",
      "extraneous": true,
      "hasInstallScript": true,
      "license": "ISC",
      "dependencies": {
        "node-fetch": "^3.3.2"
      },
      "devDependencies": {
        "@types/uuid": "^9.0.2",
        "lib-manager": "^0.0.7",
        "typescript": "^5.1.6"
      }
    }
  }
}
